{
  "name": "nuxscript-lib",
  "version": "3.0.3",
  "lockfileVersion": 3,
  "requires": true,
  "packages": {
    "": {
      "name": "nuxscript-lib",
      "version": "3.0.3",
      "license": "MIT",
      "dependencies": {
        "@iarna/toml": "^1.7.1"
      },
      "bin": {
        "nux": "bin/nux.js",
        "nuxscript": "bin/nux.js"
      },
      "engines": {
        "node": ">=14.0.0"
      }
    },
    "node_modules/@iarna/toml": {
      "version": "1.7.1",
      "resolved": "https://registry.npmjs.org/@iarna/toml/-/toml-1.7.1.tgz",
      "integrity": "sha512-X55PCmaErh7Tk4tg6F0xDxG7wHuomyFTZIeUyTtvZqIGnxF/qLZf5Gvvzp8SL3F/37gb3sZ4z4PVFWQxBOM26w==",
      "license": "ISC"
    }
  }
}
